{
  "name": "intersections",
  "version": "1.0.0",
  "lockfileVersion": 1,
  "requires": true,
  "dependencies": {
    "insert-css": {
      "version": "0.0.0",
      "resolved": "https://registry.npmjs.org/insert-css/-/insert-css-0.0.0.tgz",
      "integrity": "sha1-IwS/pviTq+y4/5yo2cdgXZTPKRE="
    },
    "kld-affine": {
      "version": "2.0.0",
      "resolved": "https://registry.npmjs.org/kld-affine/-/kld-affine-2.0.0.tgz",
      "integrity": "sha1-o/OpbQjesXakVhxMVSsg1xiiU8c="
    },
    "kld-polynomial": {
      "version": "0.1.1",
      "resolved": "https://registry.npmjs.org/kld-polynomial/-/kld-polynomial-0.1.1.tgz",
      "integrity": "sha1-bXsRTbWUVAmvjhtiJc0vCmtVW9U="
    },
    "normalize-css": {
      "version": "2.3.1",
      "resolved": "https://registry.npmjs.org/normalize-css/-/normalize-css-2.3.1.tgz",
      "integrity": "sha1-/APjuR46Uap6GDa657K2rG1R4VY=",
      "requires": {
        "insert-css": "0.0.0"
      }
    },
    "svg-intersections": {
      "version": "0.4.0",
      "resolved": "https://registry.npmjs.org/svg-intersections/-/svg-intersections-0.4.0.tgz",
      "integrity": "sha512-w/OhJFvOlpy8Qyf+IuNB6uk3EhwkzHzrbqnbD8ktgvVf3zk+VotPWOsUQtYOV9zSLEYWq0jFEh/uah/qVSzMiQ==",
      "requires": {
        "kld-affine": "2.0.0",
        "kld-polynomial": "0.1.1"
      }
    }
  }
}
